<Solution>
  <Project Path="BoydCode.Application/BoydCode.Application.csproj" />
  <Project Path="BoydCode.Domain/BoydCode.Domain.csproj" />
  <Project Path="BoydCode.Infrastructure.LLM/BoydCode.Infrastructure.LLM.csproj" />
  <Project Path="BoydCode.Infrastructure.Persistence/BoydCode.Infrastructure.Persistence.csproj" />
  <Project Path="BoydCode.Infrastructure.PowerShell/BoydCode.Infrastructure.PowerShell.csproj" />
  <Project Path="BoydCode.Infrastructure.Container/BoydCode.Infrastructure.Container.csproj" />
  <Project Path="BoydCode.Presentation.Console/BoydCode.Presentation.Console.csproj" />
  <Folder Name="/tests/">
    <Project Path="tests/BoydCode.Domain.Tests/BoydCode.Domain.Tests.csproj" />
    <Project Path="tests/BoydCode.Application.Tests/BoydCode.Application.Tests.csproj" />
    <Project Path="tests/BoydCode.Infrastructure.LLM.Tests/BoydCode.Infrastructure.LLM.Tests.csproj" />
    <Project Path="tests/BoydCode.Infrastructure.PowerShell.Tests/BoydCode.Infrastructure.PowerShell.Tests.csproj" />
    <Project Path="tests/BoydCode.Infrastructure.Container.Tests/BoydCode.Infrastructure.Container.Tests.csproj" />
  </Folder>
</Solution>
